
Microsoft Visual Studio Solution File, Format Version 12.00
# Visual Studio Version 16
VisualStudioVersion = 16.0.31321.278
MinimumVisualStudioVersion = 10.0.40219.1
Project("{FAE04EC0-301F-11D3-BF4B-00C04F79EFBC}") = "Taskpad_Api", "Taskpad_Api\Taskpad_Api.csproj", "{8B0B327D-75ED-4B8A-9A30-8F921DADF3F7}"
EndProject
Project("{FAE04EC0-301F-11D3-BF4B-00C04F79EFBC}") = "DataAccessLibrary", "DataAccessLibrary\DataAccessLibrary.csproj", "{8989D0EC-DD09-44DD-9BB9-3B5DA07F2C05}"
EndProject
Global
	GlobalSection(SolutionConfigurationPlatforms) = preSolution
		Debug|Any CPU = Debug|Any CPU
		Release|Any CPU = Release|Any CPU
	EndGlobalSection
	GlobalSection(ProjectConfigurationPlatforms) = postSolution
		{8B0B327D-75ED-4B8A-9A30-8F921DADF3F7}.Debug|Any CPU.ActiveCfg = Debug|Any CPU
		{8B0B327D-75ED-4B8A-9A30-8F921DADF3F7}.Debug|Any CPU.Build.0 = Debug|Any CPU
		{8B0B327D-75ED-4B8A-9A30-8F921DADF3F7}.Release|Any CPU.ActiveCfg = Release|Any CPU
		{8B0B327D-75ED-4B8A-9A30-8F921DADF3F7}.Release|Any CPU.Build.0 = Release|Any CPU
		{8989D0EC-DD09-44DD-9BB9-3B5DA07F2C05}.Debug|Any CPU.ActiveCfg = Debug|Any CPU
		{8989D0EC-DD09-44DD-9BB9-3B5DA07F2C05}.Debug|Any CPU.Build.0 = Debug|Any CPU
		{8989D0EC-DD09-44DD-9BB9-3B5DA07F2C05}.Release|Any CPU.ActiveCfg = Release|Any CPU
		{8989D0EC-DD09-44DD-9BB9-3B5DA07F2C05}.Release|Any CPU.Build.0 = Release|Any CPU
	EndGlobalSection
	GlobalSection(SolutionProperties) = preSolution
		HideSolutionNode = FALSE
	EndGlobalSection
	GlobalSection(ExtensibilityGlobals) = postSolution
		SolutionGuid = {2FA9BD80-09D2-4ABC-9BD3-6D52FE6F2579}
	EndGlobalSection
EndGlobal
